{
  "version": 4,
  "terraform_version": "0.14.6",
  "serial": 846,
  "lineage": "deae4172-32bb-899c-cab3-8814c1c0a744",
  "outputs": {},
  "resources": [
    {
      "mode": "managed",
      "type": "azurerm_linux_virtual_machine",
      "name": "vm-master",
      "provider": "provider[\"registry.terraform.io/hashicorp/azurerm\"]",
      "instances": [
        {
          "schema_version": 0,
          "attributes": {
            "additional_capabilities": [],
            "admin_password": null,
            "admin_ssh_key": [
              {
                "public_key": "ssh-rsa AAAAB3NzaC1yc2EAAAADAQABAAABAQDn2ZcZLnqfZS6WlYfBXgqSVy6wcXTkRcyvNACFonHRNRbR0ERpJ70B29HmitFuprw9KTZYGBdFj3yEbILHPJuSSdACSye9sKJlJJk+DRb3eskxTzFB7JZ1UEqSryk1E+7S8QraV+QNPvAbW3qz+BVB7WMDXU7Y6fcQdvHu6Kwq9gKSUXg3g9Lc9wGuVAQME6rqTDVCgXgIqiKuBncEfarzqhLw4vLuBBoibIBc3dH1zv6DL/74B65GhbqWymen2AJmT4m6saAp0ReDkCoySrlZET60ngjHIy5PrxKgbKa9R5crck4xoiB1cWKVITWonOES/EaeyVt2+eSPeFhsF2Mz pafdca@PEDRO-PC\n",
                "username": "mercuryadmin"
              }
            ],
            "admin_username": "mercuryadmin",
            "allow_extension_operations": true,
            "availability_set_id": "",
            "boot_diagnostics": [
              {
                "storage_account_uri": "https://sak8s.blob.core.windows.net/"
              }
            ],
            "computer_name": "master",
            "custom_data": null,
            "dedicated_host_id": "",
            "disable_password_authentication": true,
            "encryption_at_host_enabled": false,
            "eviction_policy": "",
            "extensions_time_budget": "PT1H30M",
            "id": "/subscriptions/315b7266-6b43-43ed-ac5e-c8240545455c/resourceGroups/RG-MERCURY-PILOTO-SPOKE-K8S/providers/Microsoft.Compute/virtualMachines/master",
            "identity": [],
            "location": "westeurope",
            "max_bid_price": -1,
            "name": "master",
            "network_interface_ids": [
              "/subscriptions/315b7266-6b43-43ed-ac5e-c8240545455c/resourceGroups/RG-MERCURY-PILOTO-SPOKE-K8S/providers/Microsoft.Network/networkInterfaces/nic-master"
            ],
            "os_disk": [
              {
                "caching": "ReadWrite",
                "diff_disk_settings": [],
                "disk_encryption_set_id": "",
                "disk_size_gb": 30,
                "name": "master_disk1_6de854a507bf4656974b308086288642",
                "storage_account_type": "Standard_LRS",
                "write_accelerator_enabled": false
              }
            ],
            "plan": [],
            "priority": "Regular",
            "private_ip_address": "10.150.0.10",
            "private_ip_addresses": [
              "10.150.0.10"
            ],
            "provision_vm_agent": true,
            "proximity_placement_group_id": "",
            "public_ip_address": "",
            "public_ip_addresses": [],
            "resource_group_name": "RG-MERCURY-PILOTO-SPOKE-K8S",
            "secret": [],
            "size": "Standard_DS2_v2",
            "source_image_id": "",
            "source_image_reference": [
              {
                "offer": "UbuntuServer",
                "publisher": "Canonical",
                "sku": "18.04-LTS",
                "version": "latest"
              }
            ],
            "tags": {
              "environment": "DEV"
            },
            "timeouts": null,
            "virtual_machine_id": "dd04908b-9086-4d3d-b05b-f52cd638e197",
            "virtual_machine_scale_set_id": "",
            "zone": ""
          },
          "sensitive_attributes": [],
          "private": "eyJlMmJmYjczMC1lY2FhLTExZTYtOGY4OC0zNDM2M2JjN2M0YzAiOnsiY3JlYXRlIjoyNzAwMDAwMDAwMDAwLCJkZWxldGUiOjI3MDAwMDAwMDAwMDAsInJlYWQiOjMwMDAwMDAwMDAwMCwidXBkYXRlIjoyNzAwMDAwMDAwMDAwfX0=",
          "dependencies": [
            "azurerm_network_interface.nic-master",
            "azurerm_resource_group.rg",
            "azurerm_storage_account.stAccount"
          ]
        }
      ]
    },
    {
      "mode": "managed",
      "type": "azurerm_linux_virtual_machine",
      "name": "vm-nfs",
      "provider": "provider[\"registry.terraform.io/hashicorp/azurerm\"]",
      "instances": [
        {
          "schema_version": 0,
          "attributes": {
            "additional_capabilities": [],
            "admin_password": null,
            "admin_ssh_key": [
              {
                "public_key": "ssh-rsa AAAAB3NzaC1yc2EAAAADAQABAAABAQDn2ZcZLnqfZS6WlYfBXgqSVy6wcXTkRcyvNACFonHRNRbR0ERpJ70B29HmitFuprw9KTZYGBdFj3yEbILHPJuSSdACSye9sKJlJJk+DRb3eskxTzFB7JZ1UEqSryk1E+7S8QraV+QNPvAbW3qz+BVB7WMDXU7Y6fcQdvHu6Kwq9gKSUXg3g9Lc9wGuVAQME6rqTDVCgXgIqiKuBncEfarzqhLw4vLuBBoibIBc3dH1zv6DL/74B65GhbqWymen2AJmT4m6saAp0ReDkCoySrlZET60ngjHIy5PrxKgbKa9R5crck4xoiB1cWKVITWonOES/EaeyVt2+eSPeFhsF2Mz pafdca@PEDRO-PC\n",
                "username": "mercuryadmin"
              }
            ],
            "admin_username": "mercuryadmin",
            "allow_extension_operations": true,
            "availability_set_id": "",
            "boot_diagnostics": [
              {
                "storage_account_uri": "https://sak8s.blob.core.windows.net/"
              }
            ],
            "computer_name": "nfs",
            "custom_data": null,
            "dedicated_host_id": "",
            "disable_password_authentication": true,
            "encryption_at_host_enabled": false,
            "eviction_policy": "",
            "extensions_time_budget": "PT1H30M",
            "id": "/subscriptions/315b7266-6b43-43ed-ac5e-c8240545455c/resourceGroups/RG-MERCURY-PILOTO-SPOKE-K8S/providers/Microsoft.Compute/virtualMachines/nfs",
            "identity": [],
            "location": "westeurope",
            "max_bid_price": -1,
            "name": "nfs",
            "network_interface_ids": [
              "/subscriptions/315b7266-6b43-43ed-ac5e-c8240545455c/resourceGroups/RG-MERCURY-PILOTO-SPOKE-K8S/providers/Microsoft.Network/networkInterfaces/nic-nfs"
            ],
            "os_disk": [
              {
                "caching": "ReadWrite",
                "diff_disk_settings": [],
                "disk_encryption_set_id": "",
                "disk_size_gb": 30,
                "name": "nfs_disk1_8957b403578440b5a72963bd19958403",
                "storage_account_type": "Standard_LRS",
                "write_accelerator_enabled": false
              }
            ],
            "plan": [],
            "priority": "Regular",
            "private_ip_address": "10.150.0.200",
            "private_ip_addresses": [
              "10.150.0.200"
            ],
            "provision_vm_agent": true,
            "proximity_placement_group_id": "",
            "public_ip_address": "",
            "public_ip_addresses": [],
            "resource_group_name": "RG-MERCURY-PILOTO-SPOKE-K8S",
            "secret": [],
            "size": "Standard_DS1_v2",
            "source_image_id": "",
            "source_image_reference": [
              {
                "offer": "UbuntuServer",
                "publisher": "Canonical",
                "sku": "18.04-LTS",
                "version": "latest"
              }
            ],
            "tags": {
              "environment": "DEV"
            },
            "timeouts": null,
            "virtual_machine_id": "cfa012a4-e261-4e39-8c49-6ababfd84dba",
            "virtual_machine_scale_set_id": "",
            "zone": ""
          },
          "sensitive_attributes": [],
          "private": "eyJlMmJmYjczMC1lY2FhLTExZTYtOGY4OC0zNDM2M2JjN2M0YzAiOnsiY3JlYXRlIjoyNzAwMDAwMDAwMDAwLCJkZWxldGUiOjI3MDAwMDAwMDAwMDAsInJlYWQiOjMwMDAwMDAwMDAwMCwidXBkYXRlIjoyNzAwMDAwMDAwMDAwfX0=",
          "dependencies": [
            "azurerm_network_interface.nic-nfs",
            "azurerm_resource_group.rg",
            "azurerm_storage_account.stAccount"
          ]
        }
      ]
    },
    {
      "mode": "managed",
      "type": "azurerm_linux_virtual_machine",
      "name": "vm-worker01",
      "provider": "provider[\"registry.terraform.io/hashicorp/azurerm\"]",
      "instances": [
        {
          "schema_version": 0,
          "attributes": {
            "additional_capabilities": [],
            "admin_password": null,
            "admin_ssh_key": [
              {
                "public_key": "ssh-rsa AAAAB3NzaC1yc2EAAAADAQABAAABAQDn2ZcZLnqfZS6WlYfBXgqSVy6wcXTkRcyvNACFonHRNRbR0ERpJ70B29HmitFuprw9KTZYGBdFj3yEbILHPJuSSdACSye9sKJlJJk+DRb3eskxTzFB7JZ1UEqSryk1E+7S8QraV+QNPvAbW3qz+BVB7WMDXU7Y6fcQdvHu6Kwq9gKSUXg3g9Lc9wGuVAQME6rqTDVCgXgIqiKuBncEfarzqhLw4vLuBBoibIBc3dH1zv6DL/74B65GhbqWymen2AJmT4m6saAp0ReDkCoySrlZET60ngjHIy5PrxKgbKa9R5crck4xoiB1cWKVITWonOES/EaeyVt2+eSPeFhsF2Mz pafdca@PEDRO-PC\n",
                "username": "mercuryadmin"
              }
            ],
            "admin_username": "mercuryadmin",
            "allow_extension_operations": true,
            "availability_set_id": "",
            "boot_diagnostics": [
              {
                "storage_account_uri": "https://sak8s.blob.core.windows.net/"
              }
            ],
            "computer_name": "worker01",
            "custom_data": null,
            "dedicated_host_id": "",
            "disable_password_authentication": true,
            "encryption_at_host_enabled": false,
            "eviction_policy": "",
            "extensions_time_budget": "PT1H30M",
            "id": "/subscriptions/315b7266-6b43-43ed-ac5e-c8240545455c/resourceGroups/RG-MERCURY-PILOTO-SPOKE-K8S/providers/Microsoft.Compute/virtualMachines/worker01",
            "identity": [],
            "location": "westeurope",
            "max_bid_price": -1,
            "name": "worker01",
            "network_interface_ids": [
              "/subscriptions/315b7266-6b43-43ed-ac5e-c8240545455c/resourceGroups/RG-MERCURY-PILOTO-SPOKE-K8S/providers/Microsoft.Network/networkInterfaces/nic-worker01"
            ],
            "os_disk": [
              {
                "caching": "ReadWrite",
                "diff_disk_settings": [],
                "disk_encryption_set_id": "",
                "disk_size_gb": 30,
                "name": "worker01_disk1_69ba2f79e9b3462e87971bdeefff9728",
                "storage_account_type": "Standard_LRS",
                "write_accelerator_enabled": false
              }
            ],
            "plan": [],
            "priority": "Regular",
            "private_ip_address": "10.150.0.11",
            "private_ip_addresses": [
              "10.150.0.11"
            ],
            "provision_vm_agent": true,
            "proximity_placement_group_id": "",
            "public_ip_address": "",
            "public_ip_addresses": [],
            "resource_group_name": "RG-MERCURY-PILOTO-SPOKE-K8S",
            "secret": [],
            "size": "Standard_D4s_v3",
            "source_image_id": "",
            "source_image_reference": [
              {
                "offer": "UbuntuServer",
                "publisher": "Canonical",
                "sku": "18.04-LTS",
                "version": "latest"
              }
            ],
            "tags": {
              "environment": "DEV"
            },
            "timeouts": null,
            "virtual_machine_id": "9ac6e2a7-44f7-46db-a88d-3430c10a9368",
            "virtual_machine_scale_set_id": "",
            "zone": ""
          },
          "sensitive_attributes": [],
          "private": "eyJlMmJmYjczMC1lY2FhLTExZTYtOGY4OC0zNDM2M2JjN2M0YzAiOnsiY3JlYXRlIjoyNzAwMDAwMDAwMDAwLCJkZWxldGUiOjI3MDAwMDAwMDAwMDAsInJlYWQiOjMwMDAwMDAwMDAwMCwidXBkYXRlIjoyNzAwMDAwMDAwMDAwfX0=",
          "dependencies": [
            "azurerm_network_interface.nic-worker01",
            "azurerm_resource_group.rg",
            "azurerm_storage_account.stAccount"
          ]
        }
      ]
    },
    {
      "mode": "managed",
      "type": "azurerm_linux_virtual_machine",
      "name": "vm-worker02",
      "provider": "provider[\"registry.terraform.io/hashicorp/azurerm\"]",
      "instances": [
        {
          "schema_version": 0,
          "attributes": {
            "additional_capabilities": [],
            "admin_password": null,
            "admin_ssh_key": [
              {
                "public_key": "ssh-rsa AAAAB3NzaC1yc2EAAAADAQABAAABAQDn2ZcZLnqfZS6WlYfBXgqSVy6wcXTkRcyvNACFonHRNRbR0ERpJ70B29HmitFuprw9KTZYGBdFj3yEbILHPJuSSdACSye9sKJlJJk+DRb3eskxTzFB7JZ1UEqSryk1E+7S8QraV+QNPvAbW3qz+BVB7WMDXU7Y6fcQdvHu6Kwq9gKSUXg3g9Lc9wGuVAQME6rqTDVCgXgIqiKuBncEfarzqhLw4vLuBBoibIBc3dH1zv6DL/74B65GhbqWymen2AJmT4m6saAp0ReDkCoySrlZET60ngjHIy5PrxKgbKa9R5crck4xoiB1cWKVITWonOES/EaeyVt2+eSPeFhsF2Mz pafdca@PEDRO-PC\n",
                "username": "mercuryadmin"
              }
            ],
            "admin_username": "mercuryadmin",
            "allow_extension_operations": true,
            "availability_set_id": "",
            "boot_diagnostics": [
              {
                "storage_account_uri": "https://sak8s.blob.core.windows.net/"
              }
            ],
            "computer_name": "worker02",
            "custom_data": null,
            "dedicated_host_id": "",
            "disable_password_authentication": true,
            "encryption_at_host_enabled": false,
            "eviction_policy": "",
            "extensions_time_budget": "PT1H30M",
            "id": "/subscriptions/315b7266-6b43-43ed-ac5e-c8240545455c/resourceGroups/RG-MERCURY-PILOTO-SPOKE-K8S/providers/Microsoft.Compute/virtualMachines/worker02",
            "identity": [],
            "location": "westeurope",
            "max_bid_price": -1,
            "name": "worker02",
            "network_interface_ids": [
              "/subscriptions/315b7266-6b43-43ed-ac5e-c8240545455c/resourceGroups/RG-MERCURY-PILOTO-SPOKE-K8S/providers/Microsoft.Network/networkInterfaces/nic-worker02"
            ],
            "os_disk": [
              {
                "caching": "ReadWrite",
                "diff_disk_settings": [],
                "disk_encryption_set_id": "",
                "disk_size_gb": 30,
                "name": "worker02_OsDisk_1_cfe37672290143ce849e65001bd6ea55",
                "storage_account_type": "Standard_LRS",
                "write_accelerator_enabled": false
              }
            ],
            "plan": [],
            "priority": "Regular",
            "private_ip_address": "10.150.0.12",
            "private_ip_addresses": [
              "10.150.0.12"
            ],
            "provision_vm_agent": true,
            "proximity_placement_group_id": "",
            "public_ip_address": "",
            "public_ip_addresses": [],
            "resource_group_name": "RG-MERCURY-PILOTO-SPOKE-K8S",
            "secret": [],
            "size": "Standard_D4s_v3",
            "source_image_id": "",
            "source_image_reference": [
              {
                "offer": "UbuntuServer",
                "publisher": "Canonical",
                "sku": "18.04-LTS",
                "version": "latest"
              }
            ],
            "tags": {
              "environment": "DEV"
            },
            "timeouts": null,
            "virtual_machine_id": "3768ad6a-7fad-4a00-8308-f6ba626d6c58",
            "virtual_machine_scale_set_id": "",
            "zone": ""
          },
          "sensitive_attributes": [],
          "private": "eyJlMmJmYjczMC1lY2FhLTExZTYtOGY4OC0zNDM2M2JjN2M0YzAiOnsiY3JlYXRlIjoyNzAwMDAwMDAwMDAwLCJkZWxldGUiOjI3MDAwMDAwMDAwMDAsInJlYWQiOjMwMDAwMDAwMDAwMCwidXBkYXRlIjoyNzAwMDAwMDAwMDAwfX0=",
          "dependencies": [
            "azurerm_network_interface.nic-worker02",
            "azurerm_resource_group.rg",
            "azurerm_storage_account.stAccount"
          ]
        }
      ]
    },
    {
      "mode": "managed",
      "type": "azurerm_linux_virtual_machine",
      "name": "vm-worker03",
      "provider": "provider[\"registry.terraform.io/hashicorp/azurerm\"]",
      "instances": [
        {
          "schema_version": 0,
          "attributes": {
            "additional_capabilities": [],
            "admin_password": null,
            "admin_ssh_key": [
              {
                "public_key": "ssh-rsa AAAAB3NzaC1yc2EAAAADAQABAAABAQDn2ZcZLnqfZS6WlYfBXgqSVy6wcXTkRcyvNACFonHRNRbR0ERpJ70B29HmitFuprw9KTZYGBdFj3yEbILHPJuSSdACSye9sKJlJJk+DRb3eskxTzFB7JZ1UEqSryk1E+7S8QraV+QNPvAbW3qz+BVB7WMDXU7Y6fcQdvHu6Kwq9gKSUXg3g9Lc9wGuVAQME6rqTDVCgXgIqiKuBncEfarzqhLw4vLuBBoibIBc3dH1zv6DL/74B65GhbqWymen2AJmT4m6saAp0ReDkCoySrlZET60ngjHIy5PrxKgbKa9R5crck4xoiB1cWKVITWonOES/EaeyVt2+eSPeFhsF2Mz pafdca@PEDRO-PC\n",
                "username": "mercuryadmin"
              }
            ],
            "admin_username": "mercuryadmin",
            "allow_extension_operations": true,
            "availability_set_id": "",
            "boot_diagnostics": [
              {
                "storage_account_uri": "https://sak8s.blob.core.windows.net/"
              }
            ],
            "computer_name": "worker03",
            "custom_data": null,
            "dedicated_host_id": "",
            "disable_password_authentication": true,
            "encryption_at_host_enabled": false,
            "eviction_policy": "",
            "extensions_time_budget": "PT1H30M",
            "id": "/subscriptions/315b7266-6b43-43ed-ac5e-c8240545455c/resourceGroups/RG-MERCURY-PILOTO-SPOKE-K8S/providers/Microsoft.Compute/virtualMachines/worker03",
            "identity": [],
            "location": "westeurope",
            "max_bid_price": -1,
            "name": "worker03",
            "network_interface_ids": [
              "/subscriptions/315b7266-6b43-43ed-ac5e-c8240545455c/resourceGroups/RG-MERCURY-PILOTO-SPOKE-K8S/providers/Microsoft.Network/networkInterfaces/nic-worker03"
            ],
            "os_disk": [
              {
                "caching": "ReadWrite",
                "diff_disk_settings": [],
                "disk_encryption_set_id": "",
                "disk_size_gb": 30,
                "name": "worker03_OsDisk_1_e94487672f77448cb1cae49a2491c386",
                "storage_account_type": "Standard_LRS",
                "write_accelerator_enabled": false
              }
            ],
            "plan": [],
            "priority": "Regular",
            "private_ip_address": "10.150.0.13",
            "private_ip_addresses": [
              "10.150.0.13"
            ],
            "provision_vm_agent": true,
            "proximity_placement_group_id": "",
            "public_ip_address": "",
            "public_ip_addresses": [],
            "resource_group_name": "RG-MERCURY-PILOTO-SPOKE-K8S",
            "secret": [],
            "size": "Standard_D4s_v3",
            "source_image_id": "",
            "source_image_reference": [
              {
                "offer": "UbuntuServer",
                "publisher": "Canonical",
                "sku": "18.04-LTS",
                "version": "latest"
              }
            ],
            "tags": {
              "environment": "DEV"
            },
            "timeouts": null,
            "virtual_machine_id": "8286e0b8-53f6-49ae-a3b4-ec418f43e1db",
            "virtual_machine_scale_set_id": "",
            "zone": ""
          },
          "sensitive_attributes": [],
          "private": "eyJlMmJmYjczMC1lY2FhLTExZTYtOGY4OC0zNDM2M2JjN2M0YzAiOnsiY3JlYXRlIjoyNzAwMDAwMDAwMDAwLCJkZWxldGUiOjI3MDAwMDAwMDAwMDAsInJlYWQiOjMwMDAwMDAwMDAwMCwidXBkYXRlIjoyNzAwMDAwMDAwMDAwfX0=",
          "dependencies": [
            "azurerm_network_interface.nic-worker03",
            "azurerm_resource_group.rg",
            "azurerm_storage_account.stAccount"
          ]
        }
      ]
    },
    {
      "mode": "managed",
      "type": "azurerm_network_interface",
      "name": "nic-master",
      "provider": "provider[\"registry.terraform.io/hashicorp/azurerm\"]",
      "instances": [
        {
          "schema_version": 0,
          "attributes": {
            "applied_dns_servers": [],
            "dns_servers": [],
            "enable_accelerated_networking": false,
            "enable_ip_forwarding": false,
            "id": "/subscriptions/315b7266-6b43-43ed-ac5e-c8240545455c/resourceGroups/RG-MERCURY-PILOTO-SPOKE-K8S/providers/Microsoft.Network/networkInterfaces/nic-master",
            "internal_dns_name_label": "",
            "internal_domain_name_suffix": "uovlgcdvjcmu3ggj2yi5teqwqe.ax.internal.cloudapp.net",
            "ip_configuration": [
              {
                "name": "ip-master",
                "primary": true,
                "private_ip_address": "10.150.0.10",
                "private_ip_address_allocation": "Static",
                "private_ip_address_version": "IPv4",
                "public_ip_address_id": "",
                "subnet_id": "/subscriptions/315b7266-6b43-43ed-ac5e-c8240545455c/resourceGroups/RG-MERCURY-PILOTO-SPOKE/providers/Microsoft.Network/virtualNetworks/vnet-spokedev1/subnets/snet-spokedev1-k8sclusternodes"
              }
            ],
            "location": "westeurope",
            "mac_address": "",
            "name": "nic-master",
            "private_ip_address": "10.150.0.10",
            "private_ip_addresses": [
              "10.150.0.10"
            ],
            "resource_group_name": "RG-MERCURY-PILOTO-SPOKE-K8S",
            "tags": {
              "environment": "DEV"
            },
            "timeouts": null,
            "virtual_machine_id": ""
          },
          "sensitive_attributes": [],
          "private": "eyJlMmJmYjczMC1lY2FhLTExZTYtOGY4OC0zNDM2M2JjN2M0YzAiOnsiY3JlYXRlIjoxODAwMDAwMDAwMDAwLCJkZWxldGUiOjE4MDAwMDAwMDAwMDAsInJlYWQiOjMwMDAwMDAwMDAwMCwidXBkYXRlIjoxODAwMDAwMDAwMDAwfX0=",
          "dependencies": [
            "azurerm_resource_group.rg"
          ]
        }
      ]
    },
    {
      "mode": "managed",
      "type": "azurerm_network_interface",
      "name": "nic-nfs",
      "provider": "provider[\"registry.terraform.io/hashicorp/azurerm\"]",
      "instances": [
        {
          "schema_version": 0,
          "attributes": {
            "applied_dns_servers": [],
            "dns_servers": [],
            "enable_accelerated_networking": false,
            "enable_ip_forwarding": false,
            "id": "/subscriptions/315b7266-6b43-43ed-ac5e-c8240545455c/resourceGroups/RG-MERCURY-PILOTO-SPOKE-K8S/providers/Microsoft.Network/networkInterfaces/nic-nfs",
            "internal_dns_name_label": "",
            "internal_domain_name_suffix": "uovlgcdvjcmu3ggj2yi5teqwqe.ax.internal.cloudapp.net",
            "ip_configuration": [
              {
                "name": "ip-nfs",
                "primary": true,
                "private_ip_address": "10.150.0.200",
                "private_ip_address_allocation": "Static",
                "private_ip_address_version": "IPv4",
                "public_ip_address_id": "",
                "subnet_id": "/subscriptions/315b7266-6b43-43ed-ac5e-c8240545455c/resourceGroups/RG-MERCURY-PILOTO-SPOKE/providers/Microsoft.Network/virtualNetworks/vnet-spokedev1/subnets/snet-spokedev1-k8sclusternodes"
              }
            ],
            "location": "westeurope",
            "mac_address": "",
            "name": "nic-nfs",
            "private_ip_address": "10.150.0.200",
            "private_ip_addresses": [
              "10.150.0.200"
            ],
            "resource_group_name": "RG-MERCURY-PILOTO-SPOKE-K8S",
            "tags": {
              "environment": "DEV"
            },
            "timeouts": null,
            "virtual_machine_id": ""
          },
          "sensitive_attributes": [],
          "private": "eyJlMmJmYjczMC1lY2FhLTExZTYtOGY4OC0zNDM2M2JjN2M0YzAiOnsiY3JlYXRlIjoxODAwMDAwMDAwMDAwLCJkZWxldGUiOjE4MDAwMDAwMDAwMDAsInJlYWQiOjMwMDAwMDAwMDAwMCwidXBkYXRlIjoxODAwMDAwMDAwMDAwfX0=",
          "dependencies": [
            "azurerm_resource_group.rg"
          ]
        }
      ]
    },
    {
      "mode": "managed",
      "type": "azurerm_network_interface",
      "name": "nic-worker01",
      "provider": "provider[\"registry.terraform.io/hashicorp/azurerm\"]",
      "instances": [
        {
          "schema_version": 0,
          "attributes": {
            "applied_dns_servers": [],
            "dns_servers": [],
            "enable_accelerated_networking": false,
            "enable_ip_forwarding": false,
            "id": "/subscriptions/315b7266-6b43-43ed-ac5e-c8240545455c/resourceGroups/RG-MERCURY-PILOTO-SPOKE-K8S/providers/Microsoft.Network/networkInterfaces/nic-worker01",
            "internal_dns_name_label": "",
            "internal_domain_name_suffix": "uovlgcdvjcmu3ggj2yi5teqwqe.ax.internal.cloudapp.net",
            "ip_configuration": [
              {
                "name": "ip-worker01",
                "primary": true,
                "private_ip_address": "10.150.0.11",
                "private_ip_address_allocation": "Static",
                "private_ip_address_version": "IPv4",
                "public_ip_address_id": "",
                "subnet_id": "/subscriptions/315b7266-6b43-43ed-ac5e-c8240545455c/resourceGroups/RG-MERCURY-PILOTO-SPOKE/providers/Microsoft.Network/virtualNetworks/vnet-spokedev1/subnets/snet-spokedev1-k8sclusternodes"
              }
            ],
            "location": "westeurope",
            "mac_address": "",
            "name": "nic-worker01",
            "private_ip_address": "10.150.0.11",
            "private_ip_addresses": [
              "10.150.0.11"
            ],
            "resource_group_name": "RG-MERCURY-PILOTO-SPOKE-K8S",
            "tags": {
              "environment": "DEV"
            },
            "timeouts": null,
            "virtual_machine_id": ""
          },
          "sensitive_attributes": [],
          "private": "eyJlMmJmYjczMC1lY2FhLTExZTYtOGY4OC0zNDM2M2JjN2M0YzAiOnsiY3JlYXRlIjoxODAwMDAwMDAwMDAwLCJkZWxldGUiOjE4MDAwMDAwMDAwMDAsInJlYWQiOjMwMDAwMDAwMDAwMCwidXBkYXRlIjoxODAwMDAwMDAwMDAwfX0=",
          "dependencies": [
            "azurerm_resource_group.rg"
          ]
        }
      ]
    },
    {
      "mode": "managed",
      "type": "azurerm_network_interface",
      "name": "nic-worker02",
      "provider": "provider[\"registry.terraform.io/hashicorp/azurerm\"]",
      "instances": [
        {
          "schema_version": 0,
          "attributes": {
            "applied_dns_servers": [],
            "dns_servers": [],
            "enable_accelerated_networking": false,
            "enable_ip_forwarding": false,
            "id": "/subscriptions/315b7266-6b43-43ed-ac5e-c8240545455c/resourceGroups/RG-MERCURY-PILOTO-SPOKE-K8S/providers/Microsoft.Network/networkInterfaces/nic-worker02",
            "internal_dns_name_label": "",
            "internal_domain_name_suffix": "uovlgcdvjcmu3ggj2yi5teqwqe.ax.internal.cloudapp.net",
            "ip_configuration": [
              {
                "name": "ip-worker02",
                "primary": true,
                "private_ip_address": "10.150.0.12",
                "private_ip_address_allocation": "Static",
                "private_ip_address_version": "IPv4",
                "public_ip_address_id": "",
                "subnet_id": "/subscriptions/315b7266-6b43-43ed-ac5e-c8240545455c/resourceGroups/RG-MERCURY-PILOTO-SPOKE/providers/Microsoft.Network/virtualNetworks/vnet-spokedev1/subnets/snet-spokedev1-k8sclusternodes"
              }
            ],
            "location": "westeurope",
            "mac_address": "",
            "name": "nic-worker02",
            "private_ip_address": "10.150.0.12",
            "private_ip_addresses": [
              "10.150.0.12"
            ],
            "resource_group_name": "RG-MERCURY-PILOTO-SPOKE-K8S",
            "tags": {
              "environment": "DEV"
            },
            "timeouts": null,
            "virtual_machine_id": ""
          },
          "sensitive_attributes": [],
          "private": "eyJlMmJmYjczMC1lY2FhLTExZTYtOGY4OC0zNDM2M2JjN2M0YzAiOnsiY3JlYXRlIjoxODAwMDAwMDAwMDAwLCJkZWxldGUiOjE4MDAwMDAwMDAwMDAsInJlYWQiOjMwMDAwMDAwMDAwMCwidXBkYXRlIjoxODAwMDAwMDAwMDAwfX0=",
          "dependencies": [
            "azurerm_resource_group.rg"
          ]
        }
      ]
    },
    {
      "mode": "managed",
      "type": "azurerm_network_interface",
      "name": "nic-worker03",
      "provider": "provider[\"registry.terraform.io/hashicorp/azurerm\"]",
      "instances": [
        {
          "schema_version": 0,
          "attributes": {
            "applied_dns_servers": [],
            "dns_servers": [],
            "enable_accelerated_networking": false,
            "enable_ip_forwarding": false,
            "id": "/subscriptions/315b7266-6b43-43ed-ac5e-c8240545455c/resourceGroups/RG-MERCURY-PILOTO-SPOKE-K8S/providers/Microsoft.Network/networkInterfaces/nic-worker03",
            "internal_dns_name_label": "",
            "internal_domain_name_suffix": "uovlgcdvjcmu3ggj2yi5teqwqe.ax.internal.cloudapp.net",
            "ip_configuration": [
              {
                "name": "ip-worker03",
                "primary": true,
                "private_ip_address": "10.150.0.13",
                "private_ip_address_allocation": "Static",
                "private_ip_address_version": "IPv4",
                "public_ip_address_id": "",
                "subnet_id": "/subscriptions/315b7266-6b43-43ed-ac5e-c8240545455c/resourceGroups/RG-MERCURY-PILOTO-SPOKE/providers/Microsoft.Network/virtualNetworks/vnet-spokedev1/subnets/snet-spokedev1-k8sclusternodes"
              }
            ],
            "location": "westeurope",
            "mac_address": "",
            "name": "nic-worker03",
            "private_ip_address": "10.150.0.13",
            "private_ip_addresses": [
              "10.150.0.13"
            ],
            "resource_group_name": "RG-MERCURY-PILOTO-SPOKE-K8S",
            "tags": {
              "environment": "DEV"
            },
            "timeouts": null,
            "virtual_machine_id": ""
          },
          "sensitive_attributes": [],
          "private": "eyJlMmJmYjczMC1lY2FhLTExZTYtOGY4OC0zNDM2M2JjN2M0YzAiOnsiY3JlYXRlIjoxODAwMDAwMDAwMDAwLCJkZWxldGUiOjE4MDAwMDAwMDAwMDAsInJlYWQiOjMwMDAwMDAwMDAwMCwidXBkYXRlIjoxODAwMDAwMDAwMDAwfX0=",
          "dependencies": [
            "azurerm_resource_group.rg"
          ]
        }
      ]
    },
    {
      "mode": "managed",
      "type": "azurerm_network_interface_security_group_association",
      "name": "SecGroupAssociationMaster",
      "provider": "provider[\"registry.terraform.io/hashicorp/azurerm\"]",
      "instances": [
        {
          "schema_version": 0,
          "attributes": {
            "id": "/subscriptions/315b7266-6b43-43ed-ac5e-c8240545455c/resourceGroups/RG-MERCURY-PILOTO-SPOKE-K8S/providers/Microsoft.Network/networkInterfaces/nic-master|/subscriptions/315b7266-6b43-43ed-ac5e-c8240545455c/resourceGroups/RG-MERCURY-PILOTO-SPOKE-K8S/providers/Microsoft.Network/networkSecurityGroups/sshtraffic",
            "network_interface_id": "/subscriptions/315b7266-6b43-43ed-ac5e-c8240545455c/resourceGroups/RG-MERCURY-PILOTO-SPOKE-K8S/providers/Microsoft.Network/networkInterfaces/nic-master",
            "network_security_group_id": "/subscriptions/315b7266-6b43-43ed-ac5e-c8240545455c/resourceGroups/RG-MERCURY-PILOTO-SPOKE-K8S/providers/Microsoft.Network/networkSecurityGroups/sshtraffic",
            "timeouts": null
          },
          "sensitive_attributes": [],
          "private": "eyJlMmJmYjczMC1lY2FhLTExZTYtOGY4OC0zNDM2M2JjN2M0YzAiOnsiY3JlYXRlIjoxODAwMDAwMDAwMDAwLCJkZWxldGUiOjE4MDAwMDAwMDAwMDAsInJlYWQiOjMwMDAwMDAwMDAwMCwidXBkYXRlIjoxODAwMDAwMDAwMDAwfX0=",
          "dependencies": [
            "azurerm_network_interface.nic-master",
            "azurerm_network_security_group.mySecGroup",
            "azurerm_resource_group.rg"
          ]
        }
      ]
    },
    {
      "mode": "managed",
      "type": "azurerm_network_interface_security_group_association",
      "name": "SecGroupAssociationNFS",
      "provider": "provider[\"registry.terraform.io/hashicorp/azurerm\"]",
      "instances": [
        {
          "schema_version": 0,
          "attributes": {
            "id": "/subscriptions/315b7266-6b43-43ed-ac5e-c8240545455c/resourceGroups/RG-MERCURY-PILOTO-SPOKE-K8S/providers/Microsoft.Network/networkInterfaces/nic-nfs|/subscriptions/315b7266-6b43-43ed-ac5e-c8240545455c/resourceGroups/RG-MERCURY-PILOTO-SPOKE-K8S/providers/Microsoft.Network/networkSecurityGroups/sshtraffic",
            "network_interface_id": "/subscriptions/315b7266-6b43-43ed-ac5e-c8240545455c/resourceGroups/RG-MERCURY-PILOTO-SPOKE-K8S/providers/Microsoft.Network/networkInterfaces/nic-nfs",
            "network_security_group_id": "/subscriptions/315b7266-6b43-43ed-ac5e-c8240545455c/resourceGroups/RG-MERCURY-PILOTO-SPOKE-K8S/providers/Microsoft.Network/networkSecurityGroups/sshtraffic",
            "timeouts": null
          },
          "sensitive_attributes": [],
          "private": "eyJlMmJmYjczMC1lY2FhLTExZTYtOGY4OC0zNDM2M2JjN2M0YzAiOnsiY3JlYXRlIjoxODAwMDAwMDAwMDAwLCJkZWxldGUiOjE4MDAwMDAwMDAwMDAsInJlYWQiOjMwMDAwMDAwMDAwMCwidXBkYXRlIjoxODAwMDAwMDAwMDAwfX0=",
          "dependencies": [
            "azurerm_network_interface.nic-nfs",
            "azurerm_network_security_group.mySecGroup",
            "azurerm_resource_group.rg"
          ]
        }
      ]
    },
    {
      "mode": "managed",
      "type": "azurerm_network_interface_security_group_association",
      "name": "SecGroupAssociationWorker01",
      "provider": "provider[\"registry.terraform.io/hashicorp/azurerm\"]",
      "instances": [
        {
          "schema_version": 0,
          "attributes": {
            "id": "/subscriptions/315b7266-6b43-43ed-ac5e-c8240545455c/resourceGroups/RG-MERCURY-PILOTO-SPOKE-K8S/providers/Microsoft.Network/networkInterfaces/nic-worker01|/subscriptions/315b7266-6b43-43ed-ac5e-c8240545455c/resourceGroups/RG-MERCURY-PILOTO-SPOKE-K8S/providers/Microsoft.Network/networkSecurityGroups/sshtraffic",
            "network_interface_id": "/subscriptions/315b7266-6b43-43ed-ac5e-c8240545455c/resourceGroups/RG-MERCURY-PILOTO-SPOKE-K8S/providers/Microsoft.Network/networkInterfaces/nic-worker01",
            "network_security_group_id": "/subscriptions/315b7266-6b43-43ed-ac5e-c8240545455c/resourceGroups/RG-MERCURY-PILOTO-SPOKE-K8S/providers/Microsoft.Network/networkSecurityGroups/sshtraffic",
            "timeouts": null
          },
          "sensitive_attributes": [],
          "private": "eyJlMmJmYjczMC1lY2FhLTExZTYtOGY4OC0zNDM2M2JjN2M0YzAiOnsiY3JlYXRlIjoxODAwMDAwMDAwMDAwLCJkZWxldGUiOjE4MDAwMDAwMDAwMDAsInJlYWQiOjMwMDAwMDAwMDAwMCwidXBkYXRlIjoxODAwMDAwMDAwMDAwfX0=",
          "dependencies": [
            "azurerm_network_interface.nic-worker01",
            "azurerm_network_security_group.mySecGroup",
            "azurerm_resource_group.rg"
          ]
        }
      ]
    },
    {
      "mode": "managed",
      "type": "azurerm_network_interface_security_group_association",
      "name": "SecGroupAssociationWorker02",
      "provider": "provider[\"registry.terraform.io/hashicorp/azurerm\"]",
      "instances": [
        {
          "schema_version": 0,
          "attributes": {
            "id": "/subscriptions/315b7266-6b43-43ed-ac5e-c8240545455c/resourceGroups/RG-MERCURY-PILOTO-SPOKE-K8S/providers/Microsoft.Network/networkInterfaces/nic-worker02|/subscriptions/315b7266-6b43-43ed-ac5e-c8240545455c/resourceGroups/RG-MERCURY-PILOTO-SPOKE-K8S/providers/Microsoft.Network/networkSecurityGroups/sshtraffic",
            "network_interface_id": "/subscriptions/315b7266-6b43-43ed-ac5e-c8240545455c/resourceGroups/RG-MERCURY-PILOTO-SPOKE-K8S/providers/Microsoft.Network/networkInterfaces/nic-worker02",
            "network_security_group_id": "/subscriptions/315b7266-6b43-43ed-ac5e-c8240545455c/resourceGroups/RG-MERCURY-PILOTO-SPOKE-K8S/providers/Microsoft.Network/networkSecurityGroups/sshtraffic",
            "timeouts": null
          },
          "sensitive_attributes": [],
          "private": "eyJlMmJmYjczMC1lY2FhLTExZTYtOGY4OC0zNDM2M2JjN2M0YzAiOnsiY3JlYXRlIjoxODAwMDAwMDAwMDAwLCJkZWxldGUiOjE4MDAwMDAwMDAwMDAsInJlYWQiOjMwMDAwMDAwMDAwMCwidXBkYXRlIjoxODAwMDAwMDAwMDAwfX0=",
          "dependencies": [
            "azurerm_network_interface.nic-worker02",
            "azurerm_network_security_group.mySecGroup",
            "azurerm_resource_group.rg"
          ]
        }
      ]
    },
    {
      "mode": "managed",
      "type": "azurerm_network_interface_security_group_association",
      "name": "SecGroupAssociationWorker03",
      "provider": "provider[\"registry.terraform.io/hashicorp/azurerm\"]",
      "instances": [
        {
          "schema_version": 0,
          "attributes": {
            "id": "/subscriptions/315b7266-6b43-43ed-ac5e-c8240545455c/resourceGroups/RG-MERCURY-PILOTO-SPOKE-K8S/providers/Microsoft.Network/networkInterfaces/nic-worker03|/subscriptions/315b7266-6b43-43ed-ac5e-c8240545455c/resourceGroups/RG-MERCURY-PILOTO-SPOKE-K8S/providers/Microsoft.Network/networkSecurityGroups/sshtraffic",
            "network_interface_id": "/subscriptions/315b7266-6b43-43ed-ac5e-c8240545455c/resourceGroups/RG-MERCURY-PILOTO-SPOKE-K8S/providers/Microsoft.Network/networkInterfaces/nic-worker03",
            "network_security_group_id": "/subscriptions/315b7266-6b43-43ed-ac5e-c8240545455c/resourceGroups/RG-MERCURY-PILOTO-SPOKE-K8S/providers/Microsoft.Network/networkSecurityGroups/sshtraffic",
            "timeouts": null
          },
          "sensitive_attributes": [],
          "private": "eyJlMmJmYjczMC1lY2FhLTExZTYtOGY4OC0zNDM2M2JjN2M0YzAiOnsiY3JlYXRlIjoxODAwMDAwMDAwMDAwLCJkZWxldGUiOjE4MDAwMDAwMDAwMDAsInJlYWQiOjMwMDAwMDAwMDAwMCwidXBkYXRlIjoxODAwMDAwMDAwMDAwfX0=",
          "dependencies": [
            "azurerm_network_interface.nic-worker03",
            "azurerm_network_security_group.mySecGroup",
            "azurerm_resource_group.rg"
          ]
        }
      ]
    },
    {
      "mode": "managed",
      "type": "azurerm_network_security_group",
      "name": "mySecGroup",
      "provider": "provider[\"registry.terraform.io/hashicorp/azurerm\"]",
      "instances": [
        {
          "schema_version": 0,
          "attributes": {
            "id": "/subscriptions/315b7266-6b43-43ed-ac5e-c8240545455c/resourceGroups/RG-MERCURY-PILOTO-SPOKE-K8S/providers/Microsoft.Network/networkSecurityGroups/sshtraffic",
            "location": "westeurope",
            "name": "sshtraffic",
            "resource_group_name": "RG-MERCURY-PILOTO-SPOKE-K8S",
            "security_rule": [
              {
                "access": "Allow",
                "description": "",
                "destination_address_prefix": "*",
                "destination_address_prefixes": [],
                "destination_application_security_group_ids": [],
                "destination_port_range": "22",
                "destination_port_ranges": [],
                "direction": "Inbound",
                "name": "SSH",
                "priority": 1001,
                "protocol": "Tcp",
                "source_address_prefix": "*",
                "source_address_prefixes": [],
                "source_application_security_group_ids": [],
                "source_port_range": "*",
                "source_port_ranges": []
              }
            ],
            "tags": {
              "environment": "DEV"
            },
            "timeouts": null
          },
          "sensitive_attributes": [],
          "private": "eyJlMmJmYjczMC1lY2FhLTExZTYtOGY4OC0zNDM2M2JjN2M0YzAiOnsiY3JlYXRlIjoxODAwMDAwMDAwMDAwLCJkZWxldGUiOjE4MDAwMDAwMDAwMDAsInJlYWQiOjMwMDAwMDAwMDAwMCwidXBkYXRlIjoxODAwMDAwMDAwMDAwfX0=",
          "dependencies": [
            "azurerm_resource_group.rg"
          ]
        }
      ]
    },
    {
      "mode": "managed",
      "type": "azurerm_resource_group",
      "name": "rg",
      "provider": "provider[\"registry.terraform.io/hashicorp/azurerm\"]",
      "instances": [
        {
          "schema_version": 0,
          "attributes": {
            "id": "/subscriptions/315b7266-6b43-43ed-ac5e-c8240545455c/resourceGroups/RG-MERCURY-PILOTO-SPOKE-K8S",
            "location": "westeurope",
            "name": "RG-MERCURY-PILOTO-SPOKE-K8S",
            "tags": {
              "environment": "DEV"
            },
            "timeouts": null
          },
          "sensitive_attributes": [],
          "private": "eyJlMmJmYjczMC1lY2FhLTExZTYtOGY4OC0zNDM2M2JjN2M0YzAiOnsiY3JlYXRlIjo1NDAwMDAwMDAwMDAwLCJkZWxldGUiOjU0MDAwMDAwMDAwMDAsInJlYWQiOjMwMDAwMDAwMDAwMCwidXBkYXRlIjo1NDAwMDAwMDAwMDAwfX0="
        }
      ]
    },
    {
      "mode": "managed",
      "type": "azurerm_storage_account",
      "name": "stAccount",
      "provider": "provider[\"registry.terraform.io/hashicorp/azurerm\"]",
      "instances": [
        {
          "schema_version": 2,
          "attributes": {
            "access_tier": "Hot",
            "account_kind": "StorageV2",
            "account_replication_type": "LRS",
            "account_tier": "Standard",
            "allow_blob_public_access": false,
            "blob_properties": [],
            "custom_domain": [],
            "enable_https_traffic_only": true,
            "id": "/subscriptions/315b7266-6b43-43ed-ac5e-c8240545455c/resourceGroups/RG-MERCURY-PILOTO-SPOKE-K8S/providers/Microsoft.Storage/storageAccounts/sak8s",
            "identity": [],
            "is_hns_enabled": false,
            "large_file_share_enabled": null,
            "location": "westeurope",
            "min_tls_version": "TLS1_0",
            "name": "sak8s",
            "network_rules": [
              {
                "bypass": [
                  "AzureServices"
                ],
                "default_action": "Allow",
                "ip_rules": [],
                "virtual_network_subnet_ids": []
              }
            ],
            "primary_access_key": "VB3Ygk8h46NbE8JOQE0x3827s2ZKQYWensuvNWXkibJ/lwmJ1bcJZEWGwaPJIKJTYhtEqHteXjOSFE46/19e/w==",
            "primary_blob_connection_string": "DefaultEndpointsProtocol=https;BlobEndpoint=https://sak8s.blob.core.windows.net/;AccountName=sak8s;AccountKey=VB3Ygk8h46NbE8JOQE0x3827s2ZKQYWensuvNWXkibJ/lwmJ1bcJZEWGwaPJIKJTYhtEqHteXjOSFE46/19e/w==",
            "primary_blob_endpoint": "https://sak8s.blob.core.windows.net/",
            "primary_blob_host": "sak8s.blob.core.windows.net",
            "primary_connection_string": "DefaultEndpointsProtocol=https;AccountName=sak8s;AccountKey=VB3Ygk8h46NbE8JOQE0x3827s2ZKQYWensuvNWXkibJ/lwmJ1bcJZEWGwaPJIKJTYhtEqHteXjOSFE46/19e/w==;EndpointSuffix=core.windows.net",
            "primary_dfs_endpoint": "https://sak8s.dfs.core.windows.net/",
            "primary_dfs_host": "sak8s.dfs.core.windows.net",
            "primary_file_endpoint": "https://sak8s.file.core.windows.net/",
            "primary_file_host": "sak8s.file.core.windows.net",
            "primary_location": "westeurope",
            "primary_queue_endpoint": "https://sak8s.queue.core.windows.net/",
            "primary_queue_host": "sak8s.queue.core.windows.net",
            "primary_table_endpoint": "https://sak8s.table.core.windows.net/",
            "primary_table_host": "sak8s.table.core.windows.net",
            "primary_web_endpoint": "https://sak8s.z6.web.core.windows.net/",
            "primary_web_host": "sak8s.z6.web.core.windows.net",
            "queue_properties": [
              {
                "cors_rule": [],
                "hour_metrics": [
                  {
                    "enabled": true,
                    "include_apis": true,
                    "retention_policy_days": 7,
                    "version": "1.0"
                  }
                ],
                "logging": [
                  {
                    "delete": false,
                    "read": false,
                    "retention_policy_days": 0,
                    "version": "1.0",
                    "write": false
                  }
                ],
                "minute_metrics": [
                  {
                    "enabled": false,
                    "include_apis": false,
                    "retention_policy_days": 0,
                    "version": "1.0"
                  }
                ]
              }
            ],
            "resource_group_name": "RG-MERCURY-PILOTO-SPOKE-K8S",
            "secondary_access_key": "X6Yr5swMEtjeM7SBWDLoVvidh4LbJQ9t/OWoS0itysYfNWX4LEY5JUViHrIy5d0FbtBcwsH4Zc3RirkQoRYQ3Q==",
            "secondary_blob_connection_string": "",
            "secondary_blob_endpoint": null,
            "secondary_blob_host": null,
            "secondary_connection_string": "DefaultEndpointsProtocol=https;AccountName=sak8s;AccountKey=X6Yr5swMEtjeM7SBWDLoVvidh4LbJQ9t/OWoS0itysYfNWX4LEY5JUViHrIy5d0FbtBcwsH4Zc3RirkQoRYQ3Q==;EndpointSuffix=core.windows.net",
            "secondary_dfs_endpoint": null,
            "secondary_dfs_host": null,
            "secondary_file_endpoint": null,
            "secondary_file_host": null,
            "secondary_location": "",
            "secondary_queue_endpoint": null,
            "secondary_queue_host": null,
            "secondary_table_endpoint": null,
            "secondary_table_host": null,
            "secondary_web_endpoint": null,
            "secondary_web_host": null,
            "static_website": [],
            "tags": {
              "environment": "DEV"
            },
            "timeouts": null
          },
          "sensitive_attributes": [],
          "private": "eyJlMmJmYjczMC1lY2FhLTExZTYtOGY4OC0zNDM2M2JjN2M0YzAiOnsiY3JlYXRlIjozNjAwMDAwMDAwMDAwLCJkZWxldGUiOjM2MDAwMDAwMDAwMDAsInJlYWQiOjMwMDAwMDAwMDAwMCwidXBkYXRlIjozNjAwMDAwMDAwMDAwfSwic2NoZW1hX3ZlcnNpb24iOiIyIn0=",
          "dependencies": [
            "azurerm_resource_group.rg"
          ]
        }
      ]
    }
  ]
}
